// !$*UTF8*$!
{
	archiveVersion = 1;
	classes = {
	};
	objectVersion = 56;
	objects = {

/* Begin PBXBuildFile section */
		227F3EBF292DC3FE00CFAEDA /* LocationObject.swift in Sources */ = {isa = PBXBuildFile; fileRef = 227F3EBE292DC3FE00CFAEDA /* LocationObject.swift */; };
		227F3EC1292DDCB000CFAEDA /* databaseModel.swift in Sources */ = {isa = PBXBuildFile; fileRef = 227F3EC0292DDCB000CFAEDA /* databaseModel.swift */; };
		2282D54F292886D600C3E587 /* FirebaseAuth in Frameworks */ = {isa = PBXBuildFile; productRef = 2282D54E292886D600C3E587 /* FirebaseAuth */; };
		2282D551292886D600C3E587 /* FirebaseFirestoreSwift in Frameworks */ = {isa = PBXBuildFile; productRef = 2282D550292886D600C3E587 /* FirebaseFirestoreSwift */; };
		2282D553292886D600C3E587 /* FirebaseStorage in Frameworks */ = {isa = PBXBuildFile; productRef = 2282D552292886D600C3E587 /* FirebaseStorage */; };
		228DE5A0292DA7A6009744F5 /* FirebaseDatabase in Frameworks */ = {isa = PBXBuildFile; productRef = 228DE59F292DA7A6009744F5 /* FirebaseDatabase */; };
		228DE5A2292DA7A6009744F5 /* FirebaseDatabaseSwift in Frameworks */ = {isa = PBXBuildFile; productRef = 228DE5A1292DA7A6009744F5 /* FirebaseDatabaseSwift */; };
		228DE5A6292DB784009744F5 /* SavedLocationView.swift in Sources */ = {isa = PBXBuildFile; fileRef = 228DE5A5292DB784009744F5 /* SavedLocationView.swift */; };
		EE7E2790290C4CE400E544A9 /* WorkoutApp.swift in Sources */ = {isa = PBXBuildFile; fileRef = EE7E278F290C4CE400E544A9 /* WorkoutApp.swift */; };
		EE7E2792290C4CE400E544A9 /* ContentView.swift in Sources */ = {isa = PBXBuildFile; fileRef = EE7E2791290C4CE400E544A9 /* ContentView.swift */; };
		EE7E2794290C4CE600E544A9 /* Assets.xcassets in Resources */ = {isa = PBXBuildFile; fileRef = EE7E2793290C4CE600E544A9 /* Assets.xcassets */; };
		EE7E2797290C4CE600E544A9 /* Preview Assets.xcassets in Resources */ = {isa = PBXBuildFile; fileRef = EE7E2796290C4CE600E544A9 /* Preview Assets.xcassets */; };
		EEE179E3291F4C7D0077A270 /* HomeView.swift in Sources */ = {isa = PBXBuildFile; fileRef = EEE179E2291F4C7D0077A270 /* HomeView.swift */; };
		EEE179E5291F4CCD0077A270 /* LogInView.swift in Sources */ = {isa = PBXBuildFile; fileRef = EEE179E4291F4CCD0077A270 /* LogInView.swift */; };
		EEE179E7291F4CD80077A270 /* SettingView.swift in Sources */ = {isa = PBXBuildFile; fileRef = EEE179E6291F4CD80077A270 /* SettingView.swift */; };
		EEE179E9291F4EF90077A270 /* AddFoodView.swift in Sources */ = {isa = PBXBuildFile; fileRef = EEE179E8291F4EF90077A270 /* AddFoodView.swift */; };
		EEE179EB291FC3C50077A270 /* FindView.swift in Sources */ = {isa = PBXBuildFile; fileRef = EEE179EA291FC3C50077A270 /* FindView.swift */; };
		EEE179ED291FC6920077A270 /* ExpertView.swift in Sources */ = {isa = PBXBuildFile; fileRef = EEE179EC291FC6920077A270 /* ExpertView.swift */; };
		EEE17A0B292139290077A270 /* AppAppearanceView.swift in Sources */ = {isa = PBXBuildFile; fileRef = EEE17A0A292139290077A270 /* AppAppearanceView.swift */; };
		EEEE918F292FE2B4004B57CA /* VoiceRec.swift in Sources */ = {isa = PBXBuildFile; fileRef = EEEE918E292FE2B4004B57CA /* VoiceRec.swift */; };
		EEEE9191292FE2C7004B57CA /* Camera.swift in Sources */ = {isa = PBXBuildFile; fileRef = EEEE9190292FE2C7004B57CA /* Camera.swift */; };
/* End PBXBuildFile section */

/* Begin PBXFileReference section */
		227F3EBE292DC3FE00CFAEDA /* LocationObject.swift */ = {isa = PBXFileReference; lastKnownFileType = sourcecode.swift; path = LocationObject.swift; sourceTree = "<group>"; };
		227F3EC0292DDCB000CFAEDA /* databaseModel.swift */ = {isa = PBXFileReference; lastKnownFileType = sourcecode.swift; path = databaseModel.swift; sourceTree = "<group>"; };
		228DE5A5292DB784009744F5 /* SavedLocationView.swift */ = {isa = PBXFileReference; lastKnownFileType = sourcecode.swift; path = SavedLocationView.swift; sourceTree = "<group>"; };
		EE7E278C290C4CE400E544A9 /* Workout.app */ = {isa = PBXFileReference; explicitFileType = wrapper.application; includeInIndex = 0; path = Workout.app; sourceTree = BUILT_PRODUCTS_DIR; };
		EE7E278F290C4CE400E544A9 /* WorkoutApp.swift */ = {isa = PBXFileReference; lastKnownFileType = sourcecode.swift; path = WorkoutApp.swift; sourceTree = "<group>"; };
		EE7E2791290C4CE400E544A9 /* ContentView.swift */ = {isa = PBXFileReference; lastKnownFileType = sourcecode.swift; path = ContentView.swift; sourceTree = "<group>"; };
		EE7E2793290C4CE600E544A9 /* Assets.xcassets */ = {isa = PBXFileReference; lastKnownFileType = folder.assetcatalog; path = Assets.xcassets; sourceTree = "<group>"; };
		EE7E2796290C4CE600E544A9 /* Preview Assets.xcassets */ = {isa = PBXFileReference; lastKnownFileType = folder.assetcatalog; path = "Preview Assets.xcassets"; sourceTree = "<group>"; };
		EEE179E2291F4C7D0077A270 /* HomeView.swift */ = {isa = PBXFileReference; lastKnownFileType = sourcecode.swift; path = HomeView.swift; sourceTree = "<group>"; };
		EEE179E4291F4CCD0077A270 /* LogInView.swift */ = {isa = PBXFileReference; lastKnownFileType = sourcecode.swift; path = LogInView.swift; sourceTree = "<group>"; };
		EEE179E6291F4CD80077A270 /* SettingView.swift */ = {isa = PBXFileReference; lastKnownFileType = sourcecode.swift; path = SettingView.swift; sourceTree = "<group>"; };
		EEE179E8291F4EF90077A270 /* AddFoodView.swift */ = {isa = PBXFileReference; lastKnownFileType = sourcecode.swift; path = AddFoodView.swift; sourceTree = "<group>"; };
		EEE179EA291FC3C50077A270 /* FindView.swift */ = {isa = PBXFileReference; lastKnownFileType = sourcecode.swift; path = FindView.swift; sourceTree = "<group>"; };
		EEE179EC291FC6920077A270 /* ExpertView.swift */ = {isa = PBXFileReference; lastKnownFileType = sourcecode.swift; path = ExpertView.swift; sourceTree = "<group>"; };
		EEE17A0A292139290077A270 /* AppAppearanceView.swift */ = {isa = PBXFileReference; lastKnownFileType = sourcecode.swift; path = AppAppearanceView.swift; sourceTree = "<group>"; };
		EEEE918E292FE2B4004B57CA /* VoiceRec.swift */ = {isa = PBXFileReference; lastKnownFileType = sourcecode.swift; path = VoiceRec.swift; sourceTree = "<group>"; };
		EEEE9190292FE2C7004B57CA /* Camera.swift */ = {isa = PBXFileReference; lastKnownFileType = sourcecode.swift; path = Camera.swift; sourceTree = "<group>"; };
/* End PBXFileReference section */

/* Begin PBXFrameworksBuildPhase section */
		EE7E2789290C4CE400E544A9 /* Frameworks */ = {
			isa = PBXFrameworksBuildPhase;
			buildActionMask = 2147483647;
			files = (
				228DE5A2292DA7A6009744F5 /* FirebaseDatabaseSwift in Frameworks */,
				2282D54F292886D600C3E587 /* FirebaseAuth in Frameworks */,
				2282D551292886D600C3E587 /* FirebaseFirestoreSwift in Frameworks */,
				228DE5A0292DA7A6009744F5 /* FirebaseDatabase in Frameworks */,
				2282D553292886D600C3E587 /* FirebaseStorage in Frameworks */,
			);
			runOnlyForDeploymentPostprocessing = 0;
		};
/* End PBXFrameworksBuildPhase section */

/* Begin PBXGroup section */
		228DE59E292DA7A6009744F5 /* Frameworks */ = {
			isa = PBXGroup;
			children = (
			);
			name = Frameworks;
			sourceTree = "<group>";
		};
		EE7E2783290C4CE400E544A9 = {
			isa = PBXGroup;
			children = (
				EE7E278E290C4CE400E544A9 /* Workout */,
				EE7E278D290C4CE400E544A9 /* Products */,
				228DE59E292DA7A6009744F5 /* Frameworks */,
			);
			sourceTree = "<group>";
		};
		EE7E278D290C4CE400E544A9 /* Products */ = {
			isa = PBXGroup;
			children = (
				EE7E278C290C4CE400E544A9 /* Workout.app */,
			);
			name = Products;
			sourceTree = "<group>";
		};
		EE7E278E290C4CE400E544A9 /* Workout */ = {
			isa = PBXGroup;
			children = (
				227F3EC0292DDCB000CFAEDA /* databaseModel.swift */,
				EEE17A1629213EEB0077A270 /* FindView */,
				EEE17A1729213EF10077A270 /* HomeView */,
				EEE17A1829213EF70077A270 /* LoginView */,
				EEE17A1429213ECC0077A270 /* AddFoodView */,
				EEE17A1529213ED40077A270 /* ExpertView */,
				EEE17A1329213E960077A270 /* SettingView */,
				EE7E2793290C4CE600E544A9 /* Assets.xcassets */,
				EE7E2791290C4CE400E544A9 /* ContentView.swift */,
				EE7E278F290C4CE400E544A9 /* WorkoutApp.swift */,
				EE7E2795290C4CE600E544A9 /* Preview Content */,
			);
			path = Workout;
			sourceTree = "<group>";
		};
		EE7E2795290C4CE600E544A9 /* Preview Content */ = {
			isa = PBXGroup;
			children = (
				EE7E2796290C4CE600E544A9 /* Preview Assets.xcassets */,
			);
			path = "Preview Content";
			sourceTree = "<group>";
		};
		EEE17A1329213E960077A270 /* SettingView */ = {
			isa = PBXGroup;
			children = (
				EEE179E6291F4CD80077A270 /* SettingView.swift */,
				228DE5A5292DB784009744F5 /* SavedLocationView.swift */,
				EEE17A0A292139290077A270 /* AppAppearanceView.swift */,
			);
			path = SettingView;
			sourceTree = "<group>";
		};
		EEE17A1429213ECC0077A270 /* AddFoodView */ = {
			isa = PBXGroup;
			children = (
				EEE179E8291F4EF90077A270 /* AddFoodView.swift */,
				EEEE918E292FE2B4004B57CA /* VoiceRec.swift */,
				EEEE9190292FE2C7004B57CA /* Camera.swift */,
			);
			path = AddFoodView;
			sourceTree = "<group>";
		};
		EEE17A1529213ED40077A270 /* ExpertView */ = {
			isa = PBXGroup;
			children = (
				EEE179EC291FC6920077A270 /* ExpertView.swift */,
			);
			path = ExpertView;
			sourceTree = "<group>";
		};
		EEE17A1629213EEB0077A270 /* FindView */ = {
			isa = PBXGroup;
			children = (
				EEE179EA291FC3C50077A270 /* FindView.swift */,
				227F3EBE292DC3FE00CFAEDA /* LocationObject.swift */,
			);
			path = FindView;
			sourceTree = "<group>";
		};
		EEE17A1729213EF10077A270 /* HomeView */ = {
			isa = PBXGroup;
			children = (
				EEE179E2291F4C7D0077A270 /* HomeView.swift */,
			);
			path = HomeView;
			sourceTree = "<group>";
		};
		EEE17A1829213EF70077A270 /* LoginView */ = {
			isa = PBXGroup;
			children = (
				EEE179E4291F4CCD0077A270 /* LogInView.swift */,
			);
			path = LoginView;
			sourceTree = "<group>";
		};
/* End PBXGroup section */

/* Begin PBXNativeTarget section */
		EE7E278B290C4CE400E544A9 /* Workout */ = {
			isa = PBXNativeTarget;
			buildConfigurationList = EE7E279A290C4CE600E544A9 /* Build configuration list for PBXNativeTarget "Workout" */;
			buildPhases = (
				EE7E2788290C4CE400E544A9 /* Sources */,
				EE7E2789290C4CE400E544A9 /* Frameworks */,
				EE7E278A290C4CE400E544A9 /* Resources */,
			);
			buildRules = (
			);
			dependencies = (
			);
			name = Workout;
			packageProductDependencies = (
				2282D54E292886D600C3E587 /* FirebaseAuth */,
				2282D550292886D600C3E587 /* FirebaseFirestoreSwift */,
				2282D552292886D600C3E587 /* FirebaseStorage */,
				228DE59F292DA7A6009744F5 /* FirebaseDatabase */,
				228DE5A1292DA7A6009744F5 /* FirebaseDatabaseSwift */,
			);
			productName = Workout;
			productReference = EE7E278C290C4CE400E544A9 /* Workout.app */;
			productType = "com.apple.product-type.application";
		};
/* End PBXNativeTarget section */

/* Begin PBXProject section */
		EE7E2784290C4CE400E544A9 /* Project object */ = {
			isa = PBXProject;
			attributes = {
				BuildIndependentTargetsInParallel = 1;
				LastSwiftUpdateCheck = 1400;
				LastUpgradeCheck = 1400;
				TargetAttributes = {
					EE7E278B290C4CE400E544A9 = {
						CreatedOnToolsVersion = 14.0.1;
					};
				};
			};
			buildConfigurationList = EE7E2787290C4CE400E544A9 /* Build configuration list for PBXProject "Workout" */;
			compatibilityVersion = "Xcode 14.0";
			developmentRegion = en;
			hasScannedForEncodings = 0;
			knownRegions = (
				en,
				Base,
			);
			mainGroup = EE7E2783290C4CE400E544A9;
			packageReferences = (
				2282D54D292886D600C3E587 /* XCRemoteSwiftPackageReference "firebase-ios-sdk" */,
			);
			productRefGroup = EE7E278D290C4CE400E544A9 /* Products */;
			projectDirPath = "";
			projectRoot = "";
			targets = (
				EE7E278B290C4CE400E544A9 /* Workout */,
			);
		};
/* End PBXProject section */

/* Begin PBXResourcesBuildPhase section */
		EE7E278A290C4CE400E544A9 /* Resources */ = {
			isa = PBXResourcesBuildPhase;
			buildActionMask = 2147483647;
			files = (
				EE7E2797290C4CE600E544A9 /* Preview Assets.xcassets in Resources */,
				EE7E2794290C4CE600E544A9 /* Assets.xcassets in Resources */,
			);
			runOnlyForDeploymentPostprocessing = 0;
		};
/* End PBXResourcesBuildPhase section */

/* Begin PBXSourcesBuildPhase section */
		EE7E2788290C4CE400E544A9 /* Sources */ = {
			isa = PBXSourcesBuildPhase;
			buildActionMask = 2147483647;
			files = (
				EEEE918F292FE2B4004B57CA /* VoiceRec.swift in Sources */,
				228DE5A6292DB784009744F5 /* SavedLocationView.swift in Sources */,
				EEE179E3291F4C7D0077A270 /* HomeView.swift in Sources */,
				EEE179E7291F4CD80077A270 /* SettingView.swift in Sources */,
				EEE179E9291F4EF90077A270 /* AddFoodView.swift in Sources */,
				EEE179EB291FC3C50077A270 /* FindView.swift in Sources */,
				EE7E2792290C4CE400E544A9 /* ContentView.swift in Sources */,
				227F3EBF292DC3FE00CFAEDA /* LocationObject.swift in Sources */,
				EEE179E5291F4CCD0077A270 /* LogInView.swift in Sources */,
				EEE17A0B292139290077A270 /* AppAppearanceView.swift in Sources */,
				EEE179ED291FC6920077A270 /* ExpertView.swift in Sources */,
				227F3EC1292DDCB000CFAEDA /* databaseModel.swift in Sources */,
				EEEE9191292FE2C7004B57CA /* Camera.swift in Sources */,
				EE7E2790290C4CE400E544A9 /* WorkoutApp.swift in Sources */,
			);
			runOnlyForDeploymentPostprocessing = 0;
		};
/* End PBXSourcesBuildPhase section */

/* Begin XCBuildConfiguration section */
		EE7E2798290C4CE600E544A9 /* Debug */ = {
			isa = XCBuildConfiguration;
			buildSettings = {
				ALWAYS_SEARCH_USER_PATHS = NO;
				CLANG_ANALYZER_NONNULL = YES;
				CLANG_ANALYZER_NUMBER_OBJECT_CONVERSION = YES_AGGRESSIVE;
				CLANG_CXX_LANGUAGE_STANDARD = "gnu++20";
				CLANG_ENABLE_MODULES = YES;
				CLANG_ENABLE_OBJC_ARC = YES;
				CLANG_ENABLE_OBJC_WEAK = YES;
				CLANG_WARN_BLOCK_CAPTURE_AUTORELEASING = YES;
				CLANG_WARN_BOOL_CONVERSION = YES;
				CLANG_WARN_COMMA = YES;
				CLANG_WARN_CONSTANT_CONVERSION = YES;
				CLANG_WARN_DEPRECATED_OBJC_IMPLEMENTATIONS = YES;
				CLANG_WARN_DIRECT_OBJC_ISA_USAGE = YES_ERROR;
				CLANG_WARN_DOCUMENTATION_COMMENTS = YES;
				CLANG_WARN_EMPTY_BODY = YES;
				CLANG_WARN_ENUM_CONVERSION = YES;
				CLANG_WARN_INFINITE_RECURSION = YES;
				CLANG_WARN_INT_CONVERSION = YES;
				CLANG_WARN_NON_LITERAL_NULL_CONVERSION = YES;
				CLANG_WARN_OBJC_IMPLICIT_RETAIN_SELF = YES;
				CLANG_WARN_OBJC_LITERAL_CONVERSION = YES;
				CLANG_WARN_OBJC_ROOT_CLASS = YES_ERROR;
				CLANG_WARN_QUOTED_INCLUDE_IN_FRAMEWORK_HEADER = YES;
				CLANG_WARN_RANGE_LOOP_ANALYSIS = YES;
				CLANG_WARN_STRICT_PROTOTYPES = YES;
				CLANG_WARN_SUSPICIOUS_MOVE = YES;
				CLANG_WARN_UNGUARDED_AVAILABILITY = YES_AGGRESSIVE;
				CLANG_WARN_UNREACHABLE_CODE = YES;
				CLANG_WARN__DUPLICATE_METHOD_MATCH = YES;
				COPY_PHASE_STRIP = NO;
				DEBUG_INFORMATION_FORMAT = dwarf;
				ENABLE_STRICT_OBJC_MSGSEND = YES;
				ENABLE_TESTABILITY = YES;
				GCC_C_LANGUAGE_STANDARD = gnu11;
				GCC_DYNAMIC_NO_PIC = NO;
				GCC_NO_COMMON_BLOCKS = YES;
				GCC_OPTIMIZATION_LEVEL = 0;
				GCC_PREPROCESSOR_DEFINITIONS = (
					"DEBUG=1",
					"$(inherited)",
				);
				GCC_WARN_64_TO_32_BIT_CONVERSION = YES;
				GCC_WARN_ABOUT_RETURN_TYPE = YES_ERROR;
				GCC_WARN_UNDECLARED_SELECTOR = YES;
				GCC_WARN_UNINITIALIZED_AUTOS = YES_AGGRESSIVE;
				GCC_WARN_UNUSED_FUNCTION = YES;
				GCC_WARN_UNUSED_VARIABLE = YES;
				IPHONEOS_DEPLOYMENT_TARGET = 16.0;
				MTL_ENABLE_DEBUG_INFO = INCLUDE_SOURCE;
				MTL_FAST_MATH = YES;
				ONLY_ACTIVE_ARCH = YES;
				SDKROOT = iphoneos;
				SWIFT_ACTIVE_COMPILATION_CONDITIONS = DEBUG;
				SWIFT_OPTIMIZATION_LEVEL = "-Onone";
			};
			name = Debug;
		};
		EE7E2799290C4CE600E544A9 /* Release */ = {
			isa = XCBuildConfiguration;
			buildSettings = {
				ALWAYS_SEARCH_USER_PATHS = NO;
				CLANG_ANALYZER_NONNULL = YES;
				CLANG_ANALYZER_NUMBER_OBJECT_CONVERSION = YES_AGGRESSIVE;
				CLANG_CXX_LANGUAGE_STANDARD = "gnu++20";
				CLANG_ENABLE_MODULES = YES;
				CLANG_ENABLE_OBJC_ARC = YES;
				CLANG_ENABLE_OBJC_WEAK = YES;
				CLANG_WARN_BLOCK_CAPTURE_AUTORELEASING = YES;
				CLANG_WARN_BOOL_CONVERSION = YES;
				CLANG_WARN_COMMA = YES;
				CLANG_WARN_CONSTANT_CONVERSION = YES;
				CLANG_WARN_DEPRECATED_OBJC_IMPLEMENTATIONS = YES;
				CLANG_WARN_DIRECT_OBJC_ISA_USAGE = YES_ERROR;
				CLANG_WARN_DOCUMENTATION_COMMENTS = YES;
				CLANG_WARN_EMPTY_BODY = YES;
				CLANG_WARN_ENUM_CONVERSION = YES;
				CLANG_WARN_INFINITE_RECURSION = YES;
				CLANG_WARN_INT_CONVERSION = YES;
				CLANG_WARN_NON_LITERAL_NULL_CONVERSION = YES;
				CLANG_WARN_OBJC_IMPLICIT_RETAIN_SELF = YES;
				CLANG_WARN_OBJC_LITERAL_CONVERSION = YES;
				CLANG_WARN_OBJC_ROOT_CLASS = YES_ERROR;
				CLANG_WARN_QUOTED_INCLUDE_IN_FRAMEWORK_HEADER = YES;
				CLANG_WARN_RANGE_LOOP_ANALYSIS = YES;
				CLANG_WARN_STRICT_PROTOTYPES = YES;
				CLANG_WARN_SUSPICIOUS_MOVE = YES;
				CLANG_WARN_UNGUARDED_AVAILABILITY = YES_AGGRESSIVE;
				CLANG_WARN_UNREACHABLE_CODE = YES;
				CLANG_WARN__DUPLICATE_METHOD_MATCH = YES;
				COPY_PHASE_STRIP = NO;
				DEBUG_INFORMATION_FORMAT = "dwarf-with-dsym";
				ENABLE_NS_ASSERTIONS = NO;
				ENABLE_STRICT_OBJC_MSGSEND = YES;
				GCC_C_LANGUAGE_STANDARD = gnu11;
				GCC_NO_COMMON_BLOCKS = YES;
				GCC_WARN_64_TO_32_BIT_CONVERSION = YES;
				GCC_WARN_ABOUT_RETURN_TYPE = YES_ERROR;
				GCC_WARN_UNDECLARED_SELECTOR = YES;
				GCC_WARN_UNINITIALIZED_AUTOS = YES_AGGRESSIVE;
				GCC_WARN_UNUSED_FUNCTION = YES;
				GCC_WARN_UNUSED_VARIABLE = YES;
				IPHONEOS_DEPLOYMENT_TARGET = 16.0;
				MTL_ENABLE_DEBUG_INFO = NO;
				MTL_FAST_MATH = YES;
				SDKROOT = iphoneos;
				SWIFT_COMPILATION_MODE = wholemodule;
				SWIFT_OPTIMIZATION_LEVEL = "-O";
				VALIDATE_PRODUCT = YES;
			};
			name = Release;
		};
		EE7E279B290C4CE600E544A9 /* Debug */ = {
			isa = XCBuildConfiguration;
			buildSettings = {
				ASSETCATALOG_COMPILER_APPICON_NAME = AppIcon;
				ASSETCATALOG_COMPILER_GLOBAL_ACCENT_COLOR_NAME = AccentColor;
				CODE_SIGN_IDENTITY = "Apple Development";
				CODE_SIGN_STYLE = Automatic;
				CURRENT_PROJECT_VERSION = 1;
				DEVELOPMENT_ASSET_PATHS = "\"Workout/Preview Content\"";
				DEVELOPMENT_TEAM = GMALWFCB5J;
				ENABLE_PREVIEWS = YES;
				GENERATE_INFOPLIST_FILE = YES;
				INFOPLIST_KEY_NSMicrophoneUsageDescription = "required in app";
				INFOPLIST_KEY_NSSpeechRecognitionUsageDescription = "required in app";
				INFOPLIST_KEY_UIApplicationSceneManifest_Generation = YES;
				INFOPLIST_KEY_UIApplicationSupportsIndirectInputEvents = YES;
				INFOPLIST_KEY_UILaunchScreen_Generation = YES;
				INFOPLIST_KEY_UISupportedInterfaceOrientations_iPad = "UIInterfaceOrientationPortrait UIInterfaceOrientationPortraitUpsideDown UIInterfaceOrientationLandscapeLeft UIInterfaceOrientationLandscapeRight";
				INFOPLIST_KEY_UISupportedInterfaceOrientations_iPhone = "UIInterfaceOrientationPortrait UIInterfaceOrientationLandscapeLeft UIInterfaceOrientationLandscapeRight";
				LD_RUNPATH_SEARCH_PATHS = (
					"$(inherited)",
					"@executable_path/Frameworks",
				);
				MARKETING_VERSION = 1.0;
				PRODUCT_BUNDLE_IDENTIFIER = "Group-4.Workout";
				PRODUCT_NAME = "$(TARGET_NAME)";
				PROVISIONING_PROFILE_SPECIFIER = "";
				SWIFT_EMIT_LOC_STRINGS = YES;
				SWIFT_VERSION = 5.0;
				TARGETED_DEVICE_FAMILY = "1,2";
			};
			name = Debug;
		};
		EE7E279C290C4CE600E544A9 /* Release */ = {
			isa = XCBuildConfiguration;
			buildSettings = {
				ASSETCATALOG_COMPILER_APPICON_NAME = AppIcon;
				ASSETCATALOG_COMPILER_GLOBAL_ACCENT_COLOR_NAME = AccentColor;
				CODE_SIGN_IDENTITY = "Apple Development";
				CODE_SIGN_STYLE = Automatic;
				CURRENT_PROJECT_VERSION = 1;
				DEVELOPMENT_ASSET_PATHS = "\"Workout/Preview Content\"";
				DEVELOPMENT_TEAM = GMALWFCB5J;
				ENABLE_PREVIEWS = YES;
				GENERATE_INFOPLIST_FILE = YES;
				INFOPLIST_KEY_NSMicrophoneUsageDescription = "required in app";
				INFOPLIST_KEY_NSSpeechRecognitionUsageDescription = "required in app";
				INFOPLIST_KEY_UIApplicationSceneManifest_Generation = YES;
				INFOPLIST_KEY_UIApplicationSupportsIndirectInputEvents = YES;
				INFOPLIST_KEY_UILaunchScreen_Generation = YES;
				INFOPLIST_KEY_UISupportedInterfaceOrientations_iPad = "UIInterfaceOrientationPortrait UIInterfaceOrientationPortraitUpsideDown UIInterfaceOrientationLandscapeLeft UIInterfaceOrientationLandscapeRight";
				INFOPLIST_KEY_UISupportedInterfaceOrientations_iPhone = "UIInterfaceOrientationPortrait UIInterfaceOrientationLandscapeLeft UIInterfaceOrientationLandscapeRight";
				LD_RUNPATH_SEARCH_PATHS = (
					"$(inherited)",
					"@executable_path/Frameworks",
				);
				MARKETING_VERSION = 1.0;
				PRODUCT_BUNDLE_IDENTIFIER = "Group-4.Workout";
				PRODUCT_NAME = "$(TARGET_NAME)";
				PROVISIONING_PROFILE_SPECIFIER = "";
				SWIFT_EMIT_LOC_STRINGS = YES;
				SWIFT_VERSION = 5.0;
				TARGETED_DEVICE_FAMILY = "1,2";
			};
			name = Release;
		};
/* End XCBuildConfiguration section */

/* Begin XCConfigurationList section */
		EE7E2787290C4CE400E544A9 /* Build configuration list for PBXProject "Workout" */ = {
			isa = XCConfigurationList;
			buildConfigurations = (
				EE7E2798290C4CE600E544A9 /* Debug */,
				EE7E2799290C4CE600E544A9 /* Release */,
			);
			defaultConfigurationIsVisible = 0;
			defaultConfigurationName = Release;
		};
		EE7E279A290C4CE600E544A9 /* Build configuration list for PBXNativeTarget "Workout" */ = {
			isa = XCConfigurationList;
			buildConfigurations = (
				EE7E279B290C4CE600E544A9 /* Debug */,
				EE7E279C290C4CE600E544A9 /* Release */,
			);
			defaultConfigurationIsVisible = 0;
			defaultConfigurationName = Release;
		};
/* End XCConfigurationList section */

/* Begin XCRemoteSwiftPackageReference section */
		2282D54D292886D600C3E587 /* XCRemoteSwiftPackageReference "firebase-ios-sdk" */ = {
			isa = XCRemoteSwiftPackageReference;
			repositoryURL = "https://github.com/firebase/firebase-ios-sdk";
			requirement = {
				kind = upToNextMajorVersion;
				minimumVersion = 9.0.0;
			};
		};
/* End XCRemoteSwiftPackageReference section */

/* Begin XCSwiftPackageProductDependency section */
		2282D54E292886D600C3E587 /* FirebaseAuth */ = {
			isa = XCSwiftPackageProductDependency;
			package = 2282D54D292886D600C3E587 /* XCRemoteSwiftPackageReference "firebase-ios-sdk" */;
			productName = FirebaseAuth;
		};
		2282D550292886D600C3E587 /* FirebaseFirestoreSwift */ = {
			isa = XCSwiftPackageProductDependency;
			package = 2282D54D292886D600C3E587 /* XCRemoteSwiftPackageReference "firebase-ios-sdk" */;
			productName = FirebaseFirestoreSwift;
		};
		2282D552292886D600C3E587 /* FirebaseStorage */ = {
			isa = XCSwiftPackageProductDependency;
			package = 2282D54D292886D600C3E587 /* XCRemoteSwiftPackageReference "firebase-ios-sdk" */;
			productName = FirebaseStorage;
		};
		228DE59F292DA7A6009744F5 /* FirebaseDatabase */ = {
			isa = XCSwiftPackageProductDependency;
			package = 2282D54D292886D600C3E587 /* XCRemoteSwiftPackageReference "firebase-ios-sdk" */;
			productName = FirebaseDatabase;
		};
		228DE5A1292DA7A6009744F5 /* FirebaseDatabaseSwift */ = {
			isa = XCSwiftPackageProductDependency;
			package = 2282D54D292886D600C3E587 /* XCRemoteSwiftPackageReference "firebase-ios-sdk" */;
			productName = FirebaseDatabaseSwift;
		};
/* End XCSwiftPackageProductDependency section */
	};
	rootObject = EE7E2784290C4CE400E544A9 /* Project object */;
}
